dependencies:
- name: frontend
  repository: file://../_frontend
  version: 0.1.0
- name: backend
  repository: file://../_backend
  version: 0.1.0
- name: hangfire
  repository: file://../_hangfire
  version: 0.1.0
digest: sha256:7026807644b75c8855b03c9f8fbaf8560a987b356b2b7b4e5154ff8f790086e5
generated: "2024-08-02T09:34:36.379227147-07:00"
